// !$*UTF8*$!
{
	archiveVersion = 1;
	classes = {
	};
	objectVersion = 56;
	objects = {

/* Begin PBXBuildFile section */
		A10000000000000000000001 /* TurfTrackApp.swift in Sources */ = {isa = PBXBuildFile; fileRef = A20000000000000000000001 /* TurfTrackApp.swift */; };
		A10000000000000000000002 /* ContentView.swift in Sources */ = {isa = PBXBuildFile; fileRef = A20000000000000000000002 /* ContentView.swift */; };
		A10000000000000000000003 /* GolfMatBLEManager.swift in Sources */ = {isa = PBXBuildFile; fileRef = A20000000000000000000003 /* GolfMatBLEManager.swift */; };
		A10000000000000000000004 /* SwingPacket.swift in Sources */ = {isa = PBXBuildFile; fileRef = A20000000000000000000004 /* SwingPacket.swift */; };
		A10000000000000000000005 /* SwingResult.swift in Sources */ = {isa = PBXBuildFile; fileRef = A20000000000000000000005 /* SwingResult.swift */; };
		A10000000000000000000006 /* ClubType.swift in Sources */ = {isa = PBXBuildFile; fileRef = A20000000000000000000006 /* ClubType.swift */; };
		A10000000000000000000007 /* ControlBar.swift in Sources */ = {isa = PBXBuildFile; fileRef = A20000000000000000000007 /* ControlBar.swift */; };
		A10000000000000000000008 /* StrikeHeatmapView.swift in Sources */ = {isa = PBXBuildFile; fileRef = A20000000000000000000008 /* StrikeHeatmapView.swift */; };
		A10000000000000000000009 /* GradeViews.swift in Sources */ = {isa = PBXBuildFile; fileRef = A20000000000000000000009 /* GradeViews.swift */; };
		A1000000000000000000000A /* Assets.xcassets in Resources */ = {isa = PBXBuildFile; fileRef = A2000000000000000000000A /* Assets.xcassets */; };
/* End PBXBuildFile section */

/* Begin PBXFileReference section */
		A30000000000000000000001 /* TurfTrack.app */ = {isa = PBXFileReference; explicitFileType = wrapper.application; includeInIndex = 0; path = TurfTrack.app; sourceTree = BUILT_PRODUCTS_DIR; };
		A20000000000000000000001 /* TurfTrackApp.swift */ = {isa = PBXFileReference; lastKnownFileType = sourcecode.swift; path = TurfTrackApp.swift; sourceTree = "<group>"; };
		A20000000000000000000002 /* ContentView.swift */ = {isa = PBXFileReference; lastKnownFileType = sourcecode.swift; path = ContentView.swift; sourceTree = "<group>"; };
		A20000000000000000000003 /* GolfMatBLEManager.swift */ = {isa = PBXFileReference; lastKnownFileType = sourcecode.swift; path = GolfMatBLEManager.swift; sourceTree = "<group>"; };
		A20000000000000000000004 /* SwingPacket.swift */ = {isa = PBXFileReference; lastKnownFileType = sourcecode.swift; path = SwingPacket.swift; sourceTree = "<group>"; };
		A20000000000000000000005 /* SwingResult.swift */ = {isa = PBXFileReference; lastKnownFileType = sourcecode.swift; path = SwingResult.swift; sourceTree = "<group>"; };
		A20000000000000000000006 /* ClubType.swift */ = {isa = PBXFileReference; lastKnownFileType = sourcecode.swift; path = ClubType.swift; sourceTree = "<group>"; };
		A20000000000000000000007 /* ControlBar.swift */ = {isa = PBXFileReference; lastKnownFileType = sourcecode.swift; path = ControlBar.swift; sourceTree = "<group>"; };
		A20000000000000000000008 /* StrikeHeatmapView.swift */ = {isa = PBXFileReference; lastKnownFileType = sourcecode.swift; path = StrikeHeatmapView.swift; sourceTree = "<group>"; };
		A20000000000000000000009 /* GradeViews.swift */ = {isa = PBXFileReference; lastKnownFileType = sourcecode.swift; path = GradeViews.swift; sourceTree = "<group>"; };
		A2000000000000000000000A /* Assets.xcassets */ = {isa = PBXFileReference; lastKnownFileType = folder.assetcatalog; path = Assets.xcassets; sourceTree = "<group>"; };
/* End PBXFileReference section */

/* Begin PBXFrameworksBuildPhase section */
		A40000000000000000000001 /* Frameworks */ = {
			isa = PBXFrameworksBuildPhase;
			buildActionMask = 2147483647;
			files = (
			);
			runOnlyForDeploymentPostprocessing = 0;
		};
/* End PBXFrameworksBuildPhase section */

/* Begin PBXGroup section */
		A50000000000000000000001 = {
			isa = PBXGroup;
			children = (
				A50000000000000000000002 /* TurfTrack */,
				A50000000000000000000003 /* Products */,
			);
			sourceTree = "<group>";
		};
		A50000000000000000000002 /* TurfTrack */ = {
			isa = PBXGroup;
			children = (
				A20000000000000000000001 /* TurfTrackApp.swift */,
				A20000000000000000000002 /* ContentView.swift */,
				A50000000000000000000004 /* BLE */,
				A50000000000000000000005 /* Models */,
				A50000000000000000000006 /* Views */,
				A2000000000000000000000A /* Assets.xcassets */,
			);
			path = TurfTrack;
			sourceTree = "<group>";
		};
		A50000000000000000000003 /* Products */ = {
			isa = PBXGroup;
			children = (
				A30000000000000000000001 /* TurfTrack.app */,
			);
			name = Products;
			sourceTree = "<group>";
		};
		A50000000000000000000004 /* BLE */ = {
			isa = PBXGroup;
			children = (
				A20000000000000000000003 /* GolfMatBLEManager.swift */,
				A20000000000000000000004 /* SwingPacket.swift */,
			);
			path = BLE;
			sourceTree = "<group>";
		};
		A50000000000000000000005 /* Models */ = {
			isa = PBXGroup;
			children = (
				A20000000000000000000005 /* SwingResult.swift */,
				A20000000000000000000006 /* ClubType.swift */,
			);
			path = Models;
			sourceTree = "<group>";
		};
		A50000000000000000000006 /* Views */ = {
			isa = PBXGroup;
			children = (
				A20000000000000000000007 /* ControlBar.swift */,
				A20000000000000000000008 /* StrikeHeatmapView.swift */,
				A20000000000000000000009 /* GradeViews.swift */,
			);
			path = Views;
			sourceTree = "<group>";
		};
/* End PBXGroup section */

/* Begin PBXNativeTarget section */
		A60000000000000000000001 /* TurfTrack */ = {
			isa = PBXNativeTarget;
			buildConfigurationList = A80000000000000000000003 /* Build configuration list for PBXNativeTarget "TurfTrack" */;
			buildPhases = (
				A70000000000000000000001 /* Sources */,
				A40000000000000000000001 /* Frameworks */,
				A70000000000000000000002 /* Resources */,
			);
			buildRules = (
			);
			dependencies = (
			);
			name = TurfTrack;
			productName = TurfTrack;
			productReference = A30000000000000000000001 /* TurfTrack.app */;
			productType = "com.apple.product-type.application";
		};
/* End PBXNativeTarget section */

/* Begin PBXProject section */
		A90000000000000000000001 /* Project object */ = {
			isa = PBXProject;
			attributes = {
				BuildIndependentTargetsInParallel = 1;
				LastSwiftUpdateCheck = 1500;
				LastUpgradeCheck = 1500;
				TargetAttributes = {
					A60000000000000000000001 = {
						CreatedOnToolsVersion = 15.0;
					};
				};
			};
			buildConfigurationList = A80000000000000000000001 /* Build configuration list for PBXProject "TurfTrack" */;
			compatibilityVersion = "Xcode 14.0";
			developmentRegion = en;
			hasScannedForEncodings = 0;
			knownRegions = (
				en,
				Base,
			);
			mainGroup = A50000000000000000000001;
			productRefGroup = A50000000000000000000003 /* Products */;
			projectDirPath = "";
			projectRoot = "";
			targets = (
				A60000000000000000000001 /* TurfTrack */,
			);
		};
/* End PBXProject section */

/* Begin PBXResourcesBuildPhase section */
		A70000000000000000000002 /* Resources */ = {
			isa = PBXResourcesBuildPhase;
			buildActionMask = 2147483647;
			files = (
				A1000000000000000000000A /* Assets.xcassets in Resources */,
			);
			runOnlyForDeploymentPostprocessing = 0;
		};
/* End PBXResourcesBuildPhase section */

/* Begin PBXSourcesBuildPhase section */
		A70000000000000000000001 /* Sources */ = {
			isa = PBXSourcesBuildPhase;
			buildActionMask = 2147483647;
			files = (
				A10000000000000000000001 /* TurfTrackApp.swift in Sources */,
				A10000000000000000000002 /* ContentView.swift in Sources */,
				A10000000000000000000003 /* GolfMatBLEManager.swift in Sources */,
				A10000000000000000000004 /* SwingPacket.swift in Sources */,
				A10000000000000000000005 /* SwingResult.swift in Sources */,
				A10000000000000000000006 /* ClubType.swift in Sources */,
				A10000000000000000000007 /* ControlBar.swift in Sources */,
				A10000000000000000000008 /* StrikeHeatmapView.swift in Sources */,
				A10000000000000000000009 /* GradeViews.swift in Sources */,
			);
			runOnlyForDeploymentPostprocessing = 0;
		};
/* End PBXSourcesBuildPhase section */

/* Begin XCBuildConfiguration section */
		A80000000000000000000004 /* Debug */ = {
			isa = XCBuildConfiguration;
			buildSettings = {
				ALWAYS_SEARCH_USER_PATHS = NO;
				CLANG_ENABLE_MODULES = YES;
				CLANG_ENABLE_OBJC_ARC = YES;
				COPY_PHASE_STRIP = NO;
				DEBUG_INFORMATION_FORMAT = dwarf;
				ENABLE_TESTABILITY = YES;
				GCC_DYNAMIC_NO_PIC = NO;
				GCC_OPTIMIZATION_LEVEL = 0;
				IPHONEOS_DEPLOYMENT_TARGET = 16.0;
				MTL_ENABLE_DEBUG_INFO = INCLUDE_SOURCE;
				ONLY_ACTIVE_ARCH = YES;
				SDKROOT = iphoneos;
				SWIFT_ACTIVE_COMPILATION_CONDITIONS = DEBUG;
				SWIFT_OPTIMIZATION_LEVEL = "-Onone";
			};
			name = Debug;
		};
		A80000000000000000000005 /* Release */ = {
			isa = XCBuildConfiguration;
			buildSettings = {
				ALWAYS_SEARCH_USER_PATHS = NO;
				CLANG_ENABLE_MODULES = YES;
				CLANG_ENABLE_OBJC_ARC = YES;
				COPY_PHASE_STRIP = NO;
				DEBUG_INFORMATION_FORMAT = "dwarf-with-dsym";
				IPHONEOS_DEPLOYMENT_TARGET = 16.0;
				SDKROOT = iphoneos;
				SWIFT_COMPILATION_MODE = wholemodule;
				VALIDATE_PRODUCT = YES;
			};
			name = Release;
		};
		A80000000000000000000006 /* Debug */ = {
			isa = XCBuildConfiguration;
			buildSettings = {
				ASSETCATALOG_COMPILER_APPICON_NAME = AppIcon;
				ASSETCATALOG_COMPILER_GLOBAL_ACCENT_COLOR_NAME = AccentColor;
				CODE_SIGN_STYLE = Automatic;
				CURRENT_PROJECT_VERSION = 1;
				DEVELOPMENT_TEAM = "";
				ENABLE_PREVIEWS = YES;
				GENERATE_INFOPLIST_FILE = YES;
				INFOPLIST_KEY_CFBundleDisplayName = TurfTrack;
				INFOPLIST_KEY_NSBluetoothAlwaysUsageDescription = "TurfTrack connects to your GolfMat over Bluetooth to show live strike data.";
				INFOPLIST_KEY_NSBluetoothPeripheralUsageDescription = "TurfTrack connects to your GolfMat over Bluetooth to show live strike data.";
				INFOPLIST_KEY_UIApplicationSceneManifest_Generation = YES;
				INFOPLIST_KEY_UILaunchScreen_Generation = YES;
				INFOPLIST_KEY_UISupportedInterfaceOrientations = UIInterfaceOrientationPortrait;
				LD_RUNPATH_SEARCH_PATHS = (
					"$(inherited)",
					"@executable_path/Frameworks",
				);
				MARKETING_VERSION = 1.0;
				PRODUCT_BUNDLE_IDENTIFIER = com.fairlie.turftrack;
				PRODUCT_NAME = "$(TARGET_NAME)";
				SUPPORTED_PLATFORMS = "iphoneos iphonesimulator";
				SUPPORTS_MACCATALYST = NO;
				SWIFT_EMIT_LOC_STRINGS = YES;
				SWIFT_VERSION = 5.0;
				TARGETED_DEVICE_FAMILY = 1;
			};
			name = Debug;
		};
		A80000000000000000000007 /* Release */ = {
			isa = XCBuildConfiguration;
			buildSettings = {
				ASSETCATALOG_COMPILER_APPICON_NAME = AppIcon;
				ASSETCATALOG_COMPILER_GLOBAL_ACCENT_COLOR_NAME = AccentColor;
				CODE_SIGN_STYLE = Automatic;
				CURRENT_PROJECT_VERSION = 1;
				DEVELOPMENT_TEAM = "";
				ENABLE_PREVIEWS = YES;
				GENERATE_INFOPLIST_FILE = YES;
				INFOPLIST_KEY_CFBundleDisplayName = TurfTrack;
				INFOPLIST_KEY_NSBluetoothAlwaysUsageDescription = "TurfTrack connects to your GolfMat over Bluetooth to show live strike data.";
				INFOPLIST_KEY_NSBluetoothPeripheralUsageDescription = "TurfTrack connects to your GolfMat over Bluetooth to show live strike data.";
				INFOPLIST_KEY_UIApplicationSceneManifest_Generation = YES;
				INFOPLIST_KEY_UILaunchScreen_Generation = YES;
				INFOPLIST_KEY_UISupportedInterfaceOrientations = UIInterfaceOrientationPortrait;
				LD_RUNPATH_SEARCH_PATHS = (
					"$(inherited)",
					"@executable_path/Frameworks",
				);
				MARKETING_VERSION = 1.0;
				PRODUCT_BUNDLE_IDENTIFIER = com.fairlie.turftrack;
				PRODUCT_NAME = "$(TARGET_NAME)";
				SUPPORTED_PLATFORMS = "iphoneos iphonesimulator";
				SUPPORTS_MACCATALYST = NO;
				SWIFT_EMIT_LOC_STRINGS = YES;
				SWIFT_VERSION = 5.0;
				TARGETED_DEVICE_FAMILY = 1;
			};
			name = Release;
		};
/* End XCBuildConfiguration section */

/* Begin XCConfigurationList section */
		A80000000000000000000001 /* Build configuration list for PBXProject "TurfTrack" */ = {
			isa = XCConfigurationList;
			buildConfigurations = (
				A80000000000000000000004 /* Debug */,
				A80000000000000000000005 /* Release */,
			);
			defaultConfigurationIsVisible = 0;
			defaultConfigurationName = Release;
		};
		A80000000000000000000003 /* Build configuration list for PBXNativeTarget "TurfTrack" */ = {
			isa = XCConfigurationList;
			buildConfigurations = (
				A80000000000000000000006 /* Debug */,
				A80000000000000000000007 /* Release */,
			);
			defaultConfigurationIsVisible = 0;
			defaultConfigurationName = Release;
		};
/* End XCConfigurationList section */
	};
	rootObject = A90000000000000000000001 /* Project object */;
}
